{
  "name": "com.mycompany.myapp",
  "version": "1.0.0",
  "lockfileVersion": 2,
  "requires": true,
  "packages": {
    "": {
      "name": "com.mycompany.myapp",
      "version": "1.0.0",
      "license": "Apache-2.0",
      "devDependencies": {
        "cordova-plugin-screen-orientation": "^3.0.2"
      }
    },
    "node_modules/cordova-plugin-screen-orientation": {
      "version": "3.0.2",
      "resolved": "https://registry.npmjs.org/cordova-plugin-screen-orientation/-/cordova-plugin-screen-orientation-3.0.2.tgz",
      "integrity": "sha512-2w6CMC+HGvbhogJetalwGurL2Fx8DQCCPy3wlSZHN1/W7WoQ5n9ujVozcoKrY4VaagK6bxrPFih+ElkO8Uqfzg==",
      "dev": true,
      "engines": {
        "cordovaDependencies": {
          "4.0.0": {
            "cordova": ">100"
          }
        }
      }
    }
  },
  "dependencies": {
    "cordova-plugin-screen-orientation": {
      "version": "3.0.2",
      "resolved": "https://registry.npmjs.org/cordova-plugin-screen-orientation/-/cordova-plugin-screen-orientation-3.0.2.tgz",
      "integrity": "sha512-2w6CMC+HGvbhogJetalwGurL2Fx8DQCCPy3wlSZHN1/W7WoQ5n9ujVozcoKrY4VaagK6bxrPFih+ElkO8Uqfzg==",
      "dev": true
    }
  }
}
